<?xml version="1.0" encoding="UTF-8" standalone="yes" ?>
<CodeBlocks_project_file>
	<FileVersion major="1" minor="6" />
	<Project>
		<Option title="gestionSupermercado39" />
		<Option pch_mode="2" />
		<Option compiler="gcc" />
		<Build>
			<Target title="Debug">
				<Option output="bin/Debug/gestionSupermercado39" prefix_auto="1" extension_auto="1" />
				<Option object_output="obj/Debug/" />
				<Option type="1" />
				<Option compiler="gcc" />
				<Compiler>
					<Add option="-g" />
				</Compiler>
			</Target>
			<Target title="Release">
				<Option output="bin/Release/gestionSupermercado39" prefix_auto="1" extension_auto="1" />
				<Option object_output="obj/Release/" />
				<Option type="1" />
				<Option compiler="gcc" />
				<Compiler>
					<Add option="-O2" />
				</Compiler>
				<Linker>
					<Add option="-s" />
				</Linker>
			</Target>
		</Build>
		<Compiler>
			<Add option="-Wall" />
			<Add option="-fexceptions" />
		</Compiler>
		<Unit filename="ArchivoCompra.cpp" />
		<Unit filename="ArchivoCompra.h" />
		<Unit filename="ArchivoCompraDetalle.cpp" />
		<Unit filename="ArchivoCompraDetalle.h" />
		<Unit filename="ArchivoProducto.cpp" />
		<Unit filename="ArchivoProducto.h" />
		<Unit filename="ArchivoProveedor.cpp" />
		<Unit filename="ArchivoProveedor.h" />
		<Unit filename="ArchivoVenta.cpp" />
		<Unit filename="ArchivoVenta.h" />
		<Unit filename="ArchivoVentaDetalle.cpp" />
		<Unit filename="ArchivoVentaDetalle.h" />
		<Unit filename="categoria.cpp">
			<Option target="&lt;{~None~}&gt;" />
		</Unit>
		<Unit filename="categoria.h">
			<Option target="&lt;{~None~}&gt;" />
		</Unit>
		<Unit filename="compra.cpp" />
		<Unit filename="compra.h" />
		<Unit filename="compraDetalle.cpp" />
		<Unit filename="compraDetalle.h" />
		<Unit filename="fecha.cpp" />
		<Unit filename="fecha.h" />
		<Unit filename="funcionesGlobales.cpp" />
		<Unit filename="funcionesGlobales.h" />
		<Unit filename="main.cpp" />
		<Unit filename="marca.cpp" />
		<Unit filename="marca.h" />
		<Unit filename="menu.cpp" />
		<Unit filename="menuCompras.cpp" />
		<Unit filename="menuCompras.h" />
		<Unit filename="menuProductos.cpp" />
		<Unit filename="menuProductos.h" />
		<Unit filename="menuVenta.cpp" />
		<Unit filename="menuVenta.h" />
		<Unit filename="producto.cpp" />
		<Unit filename="producto.h">
			<Option target="&lt;{~None~}&gt;" />
		</Unit>
		<Unit filename="proveedor.cpp" />
		<Unit filename="proveedor.h" />
		<Unit filename="venta.cpp" />
		<Unit filename="venta.h" />
		<Unit filename="ventaDetalle.cpp" />
		<Unit filename="ventaDetalle.h" />
		<Extensions>
			<lib_finder disable_auto="1" />
		</Extensions>
	</Project>
</CodeBlocks_project_file>
